// !$*UTF8*$!
{
	archiveVersion = 1;
	classes = {
	};
	objectVersion = 50;
	objects = {

/* Begin PBXBuildFile section */
		B01C45CD22B440CE00FD64D1 /* AppDelegate.swift in Sources */ = {isa = PBXBuildFile; fileRef = B01C45CC22B440CE00FD64D1 /* AppDelegate.swift */; };
		B01C45CF22B440CE00FD64D1 /* SceneDelegate.swift in Sources */ = {isa = PBXBuildFile; fileRef = B01C45CE22B440CE00FD64D1 /* SceneDelegate.swift */; };
		B01C45D122B440CE00FD64D1 /* ContentView.swift in Sources */ = {isa = PBXBuildFile; fileRef = B01C45D022B440CE00FD64D1 /* ContentView.swift */; };
		B01C45D622B440D400FD64D1 /* Preview Assets.xcassets in Resources */ = {isa = PBXBuildFile; fileRef = B01C45D522B440D400FD64D1 /* Preview Assets.xcassets */; };
		B01C45D922B440D400FD64D1 /* LaunchScreen.storyboard in Resources */ = {isa = PBXBuildFile; fileRef = B01C45D722B440D400FD64D1 /* LaunchScreen.storyboard */; };
		B01C45E422B440D400FD64D1 /* testeSwiftUIUITests.swift in Sources */ = {isa = PBXBuildFile; fileRef = B01C45E322B440D400FD64D1 /* testeSwiftUIUITests.swift */; };
/* End PBXBuildFile section */

/* Begin PBXContainerItemProxy section */
		B01C45E022B440D400FD64D1 /* PBXContainerItemProxy */ = {
			isa = PBXContainerItemProxy;
			containerPortal = B01C45C122B440CE00FD64D1 /* Project object */;
			proxyType = 1;
			remoteGlobalIDString = B01C45C822B440CE00FD64D1;
			remoteInfo = testeSwiftUI;
		};
/* End PBXContainerItemProxy section */

/* Begin PBXFileReference section */
		B01C45C922B440CE00FD64D1 /* testeSwiftUI.app */ = {isa = PBXFileReference; explicitFileType = wrapper.application; includeInIndex = 0; path = testeSwiftUI.app; sourceTree = BUILT_PRODUCTS_DIR; };
		B01C45CC22B440CE00FD64D1 /* AppDelegate.swift */ = {isa = PBXFileReference; lastKnownFileType = sourcecode.swift; path = AppDelegate.swift; sourceTree = "<group>"; };
		B01C45CE22B440CE00FD64D1 /* SceneDelegate.swift */ = {isa = PBXFileReference; lastKnownFileType = sourcecode.swift; path = SceneDelegate.swift; sourceTree = "<group>"; };
		B01C45D022B440CE00FD64D1 /* ContentView.swift */ = {isa = PBXFileReference; lastKnownFileType = sourcecode.swift; path = ContentView.swift; sourceTree = "<group>"; };
		B01C45D522B440D400FD64D1 /* Preview Assets.xcassets */ = {isa = PBXFileReference; lastKnownFileType = folder.assetcatalog; path = "Preview Assets.xcassets"; sourceTree = "<group>"; };
		B01C45D822B440D400FD64D1 /* Base */ = {isa = PBXFileReference; lastKnownFileType = file.storyboard; name = Base; path = Base.lproj/LaunchScreen.storyboard; sourceTree = "<group>"; };
		B01C45DA22B440D400FD64D1 /* Info.plist */ = {isa = PBXFileReference; lastKnownFileType = text.plist.xml; path = Info.plist; sourceTree = "<group>"; };
		B01C45DF22B440D400FD64D1 /* testeSwiftUIUITests.xctest */ = {isa = PBXFileReference; explicitFileType = wrapper.cfbundle; includeInIndex = 0; path = testeSwiftUIUITests.xctest; sourceTree = BUILT_PRODUCTS_DIR; };
		B01C45E322B440D400FD64D1 /* testeSwiftUIUITests.swift */ = {isa = PBXFileReference; lastKnownFileType = sourcecode.swift; path = testeSwiftUIUITests.swift; sourceTree = "<group>"; };
		B01C45E522B440D400FD64D1 /* Info.plist */ = {isa = PBXFileReference; lastKnownFileType = text.plist.xml; path = Info.plist; sourceTree = "<group>"; };
/* End PBXFileReference section */

/* Begin PBXFrameworksBuildPhase section */
		B01C45C622B440CE00FD64D1 /* Frameworks */ = {
			isa = PBXFrameworksBuildPhase;
			buildActionMask = 2147483647;
			files = (
			);
			runOnlyForDeploymentPostprocessing = 0;
		};
		B01C45DC22B440D400FD64D1 /* Frameworks */ = {
			isa = PBXFrameworksBuildPhase;
			buildActionMask = 2147483647;
			files = (
			);
			runOnlyForDeploymentPostprocessing = 0;
		};
/* End PBXFrameworksBuildPhase section */

/* Begin PBXGroup section */
		B01C45C022B440CE00FD64D1 = {
			isa = PBXGroup;
			children = (
				B01C45CB22B440CE00FD64D1 /* testeSwiftUI */,
				B01C45E222B440D400FD64D1 /* testeSwiftUIUITests */,
				B01C45CA22B440CE00FD64D1 /* Products */,
			);
			sourceTree = "<group>";
		};
		B01C45CA22B440CE00FD64D1 /* Products */ = {
			isa = PBXGroup;
			children = (
				B01C45C922B440CE00FD64D1 /* testeSwiftUI.app */,
				B01C45DF22B440D400FD64D1 /* testeSwiftUIUITests.xctest */,
			);
			name = Products;
			sourceTree = "<group>";
		};
		B01C45CB22B440CE00FD64D1 /* testeSwiftUI */ = {
			isa = PBXGroup;
			children = (
				B01C45CC22B440CE00FD64D1 /* AppDelegate.swift */,
				B01C45CE22B440CE00FD64D1 /* SceneDelegate.swift */,
				B01C45D022B440CE00FD64D1 /* ContentView.swift */,
				B01C45D722B440D400FD64D1 /* LaunchScreen.storyboard */,
				B01C45DA22B440D400FD64D1 /* Info.plist */,
				B01C45D422B440D400FD64D1 /* Preview Content */,
			);
			path = testeSwiftUI;
			sourceTree = "<group>";
		};
		B01C45D422B440D400FD64D1 /* Preview Content */ = {
			isa = PBXGroup;
			children = (
				B01C45D522B440D400FD64D1 /* Preview Assets.xcassets */,
			);
			path = "Preview Content";
			sourceTree = "<group>";
		};
		B01C45E222B440D400FD64D1 /* testeSwiftUIUITests */ = {
			isa = PBXGroup;
			children = (
				B01C45E322B440D400FD64D1 /* testeSwiftUIUITests.swift */,
				B01C45E522B440D400FD64D1 /* Info.plist */,
			);
			path = testeSwiftUIUITests;
			sourceTree = "<group>";
		};
/* End PBXGroup section */

/* Begin PBXNativeTarget section */
		B01C45C822B440CE00FD64D1 /* testeSwiftUI */ = {
			isa = PBXNativeTarget;
			buildConfigurationList = B01C45E822B440D400FD64D1 /* Build configuration list for PBXNativeTarget "testeSwiftUI" */;
			buildPhases = (
				B01C45C522B440CE00FD64D1 /* Sources */,
				B01C45C622B440CE00FD64D1 /* Frameworks */,
				B01C45C722B440CE00FD64D1 /* Resources */,
			);
			buildRules = (
			);
			dependencies = (
			);
			name = testeSwiftUI;
			productName = testeSwiftUI;
			productReference = B01C45C922B440CE00FD64D1 /* testeSwiftUI.app */;
			productType = "com.apple.product-type.application";
		};
		B01C45DE22B440D400FD64D1 /* testeSwiftUIUITests */ = {
			isa = PBXNativeTarget;
			buildConfigurationList = B01C45EB22B440D400FD64D1 /* Build configuration list for PBXNativeTarget "testeSwiftUIUITests" */;
			buildPhases = (
				B01C45DB22B440D400FD64D1 /* Sources */,
				B01C45DC22B440D400FD64D1 /* Frameworks */,
				B01C45DD22B440D400FD64D1 /* Resources */,
			);
			buildRules = (
			);
			dependencies = (
				B01C45E122B440D400FD64D1 /* PBXTargetDependency */,
			);
			name = testeSwiftUIUITests;
			productName = testeSwiftUIUITests;
			productReference = B01C45DF22B440D400FD64D1 /* testeSwiftUIUITests.xctest */;
			productType = "com.apple.product-type.bundle.ui-testing";
		};
/* End PBXNativeTarget section */

/* Begin PBXProject section */
		B01C45C122B440CE00FD64D1 /* Project object */ = {
			isa = PBXProject;
			attributes = {
				LastSwiftUpdateCheck = 1100;
				LastUpgradeCheck = 1100;
				ORGANIZATIONNAME = "Weslley Tavares de Aguiar e Quadros";
				TargetAttributes = {
					B01C45C822B440CE00FD64D1 = {
						CreatedOnToolsVersion = 11.0;
					};
					B01C45DE22B440D400FD64D1 = {
						CreatedOnToolsVersion = 11.0;
						TestTargetID = B01C45C822B440CE00FD64D1;
					};
				};
			};
			buildConfigurationList = B01C45C422B440CE00FD64D1 /* Build configuration list for PBXProject "testeSwiftUI" */;
			compatibilityVersion = "Xcode 9.3";
			developmentRegion = en;
			hasScannedForEncodings = 0;
			knownRegions = (
				en,
				Base,
			);
			mainGroup = B01C45C022B440CE00FD64D1;
			productRefGroup = B01C45CA22B440CE00FD64D1 /* Products */;
			projectDirPath = "";
			projectRoot = "";
			targets = (
				B01C45C822B440CE00FD64D1 /* testeSwiftUI */,
				B01C45DE22B440D400FD64D1 /* testeSwiftUIUITests */,
			);
		};
/* End PBXProject section */

/* Begin PBXResourcesBuildPhase section */
		B01C45C722B440CE00FD64D1 /* Resources */ = {
			isa = PBXResourcesBuildPhase;
			buildActionMask = 2147483647;
			files = (
				B01C45D922B440D400FD64D1 /* LaunchScreen.storyboard in Resources */,
				B01C45D622B440D400FD64D1 /* Preview Assets.xcassets in Resources */,
			);
			runOnlyForDeploymentPostprocessing = 0;
		};
		B01C45DD22B440D400FD64D1 /* Resources */ = {
			isa = PBXResourcesBuildPhase;
			buildActionMask = 2147483647;
			files = (
			);
			runOnlyForDeploymentPostprocessing = 0;
		};
/* End PBXResourcesBuildPhase section */

/* Begin PBXSourcesBuildPhase section */
		B01C45C522B440CE00FD64D1 /* Sources */ = {
			isa = PBXSourcesBuildPhase;
			buildActionMask = 2147483647;
			files = (
				B01C45CD22B440CE00FD64D1 /* AppDelegate.swift in Sources */,
				B01C45CF22B440CE00FD64D1 /* SceneDelegate.swift in Sources */,
				B01C45D122B440CE00FD64D1 /* ContentView.swift in Sources */,
			);
			runOnlyForDeploymentPostprocessing = 0;
		};
		B01C45DB22B440D400FD64D1 /* Sources */ = {
			isa = PBXSourcesBuildPhase;
			buildActionMask = 2147483647;
			files = (
				B01C45E422B440D400FD64D1 /* testeSwiftUIUITests.swift in Sources */,
			);
			runOnlyForDeploymentPostprocessing = 0;
		};
/* End PBXSourcesBuildPhase section */

/* Begin PBXTargetDependency section */
		B01C45E122B440D400FD64D1 /* PBXTargetDependency */ = {
			isa = PBXTargetDependency;
			target = B01C45C822B440CE00FD64D1 /* testeSwiftUI */;
			targetProxy = B01C45E022B440D400FD64D1 /* PBXContainerItemProxy */;
		};
/* End PBXTargetDependency section */

/* Begin PBXVariantGroup section */
		B01C45D722B440D400FD64D1 /* LaunchScreen.storyboard */ = {
			isa = PBXVariantGroup;
			children = (
				B01C45D822B440D400FD64D1 /* Base */,
			);
			name = LaunchScreen.storyboard;
			sourceTree = "<group>";
		};
/* End PBXVariantGroup section */

/* Begin XCBuildConfiguration section */
		B01C45E622B440D400FD64D1 /* Debug */ = {
			isa = XCBuildConfiguration;
			buildSettings = {
				ALWAYS_SEARCH_USER_PATHS = NO;
				CLANG_ANALYZER_NONNULL = YES;
				CLANG_ANALYZER_NUMBER_OBJECT_CONVERSION = YES_AGGRESSIVE;
				CLANG_CXX_LANGUAGE_STANDARD = "gnu++14";
				CLANG_CXX_LIBRARY = "libc++";
				CLANG_ENABLE_MODULES = YES;
				CLANG_ENABLE_OBJC_ARC = YES;
				CLANG_ENABLE_OBJC_WEAK = YES;
				CLANG_WARN_BLOCK_CAPTURE_AUTORELEASING = YES;
				CLANG_WARN_BOOL_CONVERSION = YES;
				CLANG_WARN_COMMA = YES;
				CLANG_WARN_CONSTANT_CONVERSION = YES;
				CLANG_WARN_DEPRECATED_OBJC_IMPLEMENTATIONS = YES;
				CLANG_WARN_DIRECT_OBJC_ISA_USAGE = YES_ERROR;
				CLANG_WARN_DOCUMENTATION_COMMENTS = YES;
				CLANG_WARN_EMPTY_BODY = YES;
				CLANG_WARN_ENUM_CONVERSION = YES;
				CLANG_WARN_INFINITE_RECURSION = YES;
				CLANG_WARN_INT_CONVERSION = YES;
				CLANG_WARN_NON_LITERAL_NULL_CONVERSION = YES;
				CLANG_WARN_OBJC_IMPLICIT_RETAIN_SELF = YES;
				CLANG_WARN_OBJC_LITERAL_CONVERSION = YES;
				CLANG_WARN_OBJC_ROOT_CLASS = YES_ERROR;
				CLANG_WARN_RANGE_LOOP_ANALYSIS = YES;
				CLANG_WARN_STRICT_PROTOTYPES = YES;
				CLANG_WARN_SUSPICIOUS_MOVE = YES;
				CLANG_WARN_UNGUARDED_AVAILABILITY = YES_AGGRESSIVE;
				CLANG_WARN_UNREACHABLE_CODE = YES;
				CLANG_WARN__DUPLICATE_METHOD_MATCH = YES;
				COPY_PHASE_STRIP = NO;
				DEBUG_INFORMATION_FORMAT = dwarf;
				ENABLE_STRICT_OBJC_MSGSEND = YES;
				ENABLE_TESTABILITY = YES;
				GCC_C_LANGUAGE_STANDARD = gnu11;
				GCC_DYNAMIC_NO_PIC = NO;
				GCC_NO_COMMON_BLOCKS = YES;
				GCC_OPTIMIZATION_LEVEL = 0;
				GCC_PREPROCESSOR_DEFINITIONS = (
					"DEBUG=1",
					"$(inherited)",
				);
				GCC_WARN_64_TO_32_BIT_CONVERSION = YES;
				GCC_WARN_ABOUT_RETURN_TYPE = YES_ERROR;
				GCC_WARN_UNDECLARED_SELECTOR = YES;
				GCC_WARN_UNINITIALIZED_AUTOS = YES_AGGRESSIVE;
				GCC_WARN_UNUSED_FUNCTION = YES;
				GCC_WARN_UNUSED_VARIABLE = YES;
				IPHONEOS_DEPLOYMENT_TARGET = 13.0;
				MTL_ENABLE_DEBUG_INFO = INCLUDE_SOURCE;
				MTL_FAST_MATH = YES;
				ONLY_ACTIVE_ARCH = YES;
				SDKROOT = iphoneos;
				SWIFT_ACTIVE_COMPILATION_CONDITIONS = DEBUG;
				SWIFT_OPTIMIZATION_LEVEL = "-Onone";
			};
			name = Debug;
		};
		B01C45E722B440D400FD64D1 /* Release */ = {
			isa = XCBuildConfiguration;
			buildSettings = {
				ALWAYS_SEARCH_USER_PATHS = NO;
				CLANG_ANALYZER_NONNULL = YES;
				CLANG_ANALYZER_NUMBER_OBJECT_CONVERSION = YES_AGGRESSIVE;
				CLANG_CXX_LANGUAGE_STANDARD = "gnu++14";
				CLANG_CXX_LIBRARY = "libc++";
				CLANG_ENABLE_MODULES = YES;
				CLANG_ENABLE_OBJC_ARC = YES;
				CLANG_ENABLE_OBJC_WEAK = YES;
				CLANG_WARN_BLOCK_CAPTURE_AUTORELEASING = YES;
				CLANG_WARN_BOOL_CONVERSION = YES;
				CLANG_WARN_COMMA = YES;
				CLANG_WARN_CONSTANT_CONVERSION = YES;
				CLANG_WARN_DEPRECATED_OBJC_IMPLEMENTATIONS = YES;
				CLANG_WARN_DIRECT_OBJC_ISA_USAGE = YES_ERROR;
				CLANG_WARN_DOCUMENTATION_COMMENTS = YES;
				CLANG_WARN_EMPTY_BODY = YES;
				CLANG_WARN_ENUM_CONVERSION = YES;
				CLANG_WARN_INFINITE_RECURSION = YES;
				CLANG_WARN_INT_CONVERSION = YES;
				CLANG_WARN_NON_LITERAL_NULL_CONVERSION = YES;
				CLANG_WARN_OBJC_IMPLICIT_RETAIN_SELF = YES;
				CLANG_WARN_OBJC_LITERAL_CONVERSION = YES;
				CLANG_WARN_OBJC_ROOT_CLASS = YES_ERROR;
				CLANG_WARN_RANGE_LOOP_ANALYSIS = YES;
				CLANG_WARN_STRICT_PROTOTYPES = YES;
				CLANG_WARN_SUSPICIOUS_MOVE = YES;
				CLANG_WARN_UNGUARDED_AVAILABILITY = YES_AGGRESSIVE;
				CLANG_WARN_UNREACHABLE_CODE = YES;
				CLANG_WARN__DUPLICATE_METHOD_MATCH = YES;
				COPY_PHASE_STRIP = NO;
				DEBUG_INFORMATION_FORMAT = "dwarf-with-dsym";
				ENABLE_NS_ASSERTIONS = NO;
				ENABLE_STRICT_OBJC_MSGSEND = YES;
				GCC_C_LANGUAGE_STANDARD = gnu11;
				GCC_NO_COMMON_BLOCKS = YES;
				GCC_WARN_64_TO_32_BIT_CONVERSION = YES;
				GCC_WARN_ABOUT_RETURN_TYPE = YES_ERROR;
				GCC_WARN_UNDECLARED_SELECTOR = YES;
				GCC_WARN_UNINITIALIZED_AUTOS = YES_AGGRESSIVE;
				GCC_WARN_UNUSED_FUNCTION = YES;
				GCC_WARN_UNUSED_VARIABLE = YES;
				IPHONEOS_DEPLOYMENT_TARGET = 13.0;
				MTL_ENABLE_DEBUG_INFO = NO;
				MTL_FAST_MATH = YES;
				SDKROOT = iphoneos;
				SWIFT_COMPILATION_MODE = wholemodule;
				SWIFT_OPTIMIZATION_LEVEL = "-O";
				VALIDATE_PRODUCT = YES;
			};
			name = Release;
		};
		B01C45E922B440D400FD64D1 /* Debug */ = {
			isa = XCBuildConfiguration;
			buildSettings = {
				ASSETCATALOG_COMPILER_APPICON_NAME = AppIcon;
				CODE_SIGN_STYLE = Automatic;
				DEVELOPMENT_ASSET_PATHS = "testeSwiftUI/Preview\\ Content";
				DEVELOPMENT_TEAM = 395HQL23FJ;
				ENABLE_PREVIEWS = YES;
				INFOPLIST_FILE = testeSwiftUI/Info.plist;
				LD_RUNPATH_SEARCH_PATHS = (
					"$(inherited)",
					"@executable_path/Frameworks",
				);
				PRODUCT_BUNDLE_IDENTIFIER = com.weslley.swiftui.br.testeSwiftUI;
				PRODUCT_NAME = "$(TARGET_NAME)";
				SWIFT_VERSION = 5.0;
				TARGETED_DEVICE_FAMILY = "1,2";
			};
			name = Debug;
		};
		B01C45EA22B440D400FD64D1 /* Release */ = {
			isa = XCBuildConfiguration;
			buildSettings = {
				ASSETCATALOG_COMPILER_APPICON_NAME = AppIcon;
				CODE_SIGN_STYLE = Automatic;
				DEVELOPMENT_ASSET_PATHS = "testeSwiftUI/Preview\\ Content";
				DEVELOPMENT_TEAM = 395HQL23FJ;
				ENABLE_PREVIEWS = YES;
				INFOPLIST_FILE = testeSwiftUI/Info.plist;
				LD_RUNPATH_SEARCH_PATHS = (
					"$(inherited)",
					"@executable_path/Frameworks",
				);
				PRODUCT_BUNDLE_IDENTIFIER = com.weslley.swiftui.br.testeSwiftUI;
				PRODUCT_NAME = "$(TARGET_NAME)";
				SWIFT_VERSION = 5.0;
				TARGETED_DEVICE_FAMILY = "1,2";
			};
			name = Release;
		};
		B01C45EC22B440D400FD64D1 /* Debug */ = {
			isa = XCBuildConfiguration;
			buildSettings = {
				ALWAYS_EMBED_SWIFT_STANDARD_LIBRARIES = YES;
				CODE_SIGN_STYLE = Automatic;
				DEVELOPMENT_TEAM = 395HQL23FJ;
				INFOPLIST_FILE = testeSwiftUIUITests/Info.plist;
				LD_RUNPATH_SEARCH_PATHS = (
					"$(inherited)",
					"@executable_path/Frameworks",
					"@loader_path/Frameworks",
				);
				PRODUCT_BUNDLE_IDENTIFIER = com.weslley.swiftui.br.testeSwiftUIUITests;
				PRODUCT_NAME = "$(TARGET_NAME)";
				SWIFT_VERSION = 5.0;
				TARGETED_DEVICE_FAMILY = "1,2";
				TEST_TARGET_NAME = testeSwiftUI;
			};
			name = Debug;
		};
		B01C45ED22B440D400FD64D1 /* Release */ = {
			isa = XCBuildConfiguration;
			buildSettings = {
				ALWAYS_EMBED_SWIFT_STANDARD_LIBRARIES = YES;
				CODE_SIGN_STYLE = Automatic;
				DEVELOPMENT_TEAM = 395HQL23FJ;
				INFOPLIST_FILE = testeSwiftUIUITests/Info.plist;
				LD_RUNPATH_SEARCH_PATHS = (
					"$(inherited)",
					"@executable_path/Frameworks",
					"@loader_path/Frameworks",
				);
				PRODUCT_BUNDLE_IDENTIFIER = com.weslley.swiftui.br.testeSwiftUIUITests;
				PRODUCT_NAME = "$(TARGET_NAME)";
				SWIFT_VERSION = 5.0;
				TARGETED_DEVICE_FAMILY = "1,2";
				TEST_TARGET_NAME = testeSwiftUI;
			};
			name = Release;
		};
/* End XCBuildConfiguration section */

/* Begin XCConfigurationList section */
		B01C45C422B440CE00FD64D1 /* Build configuration list for PBXProject "testeSwiftUI" */ = {
			isa = XCConfigurationList;
			buildConfigurations = (
				B01C45E622B440D400FD64D1 /* Debug */,
				B01C45E722B440D400FD64D1 /* Release */,
			);
			defaultConfigurationIsVisible = 0;
			defaultConfigurationName = Release;
		};
		B01C45E822B440D400FD64D1 /* Build configuration list for PBXNativeTarget "testeSwiftUI" */ = {
			isa = XCConfigurationList;
			buildConfigurations = (
				B01C45E922B440D400FD64D1 /* Debug */,
				B01C45EA22B440D400FD64D1 /* Release */,
			);
			defaultConfigurationIsVisible = 0;
			defaultConfigurationName = Release;
		};
		B01C45EB22B440D400FD64D1 /* Build configuration list for PBXNativeTarget "testeSwiftUIUITests" */ = {
			isa = XCConfigurationList;
			buildConfigurations = (
				B01C45EC22B440D400FD64D1 /* Debug */,
				B01C45ED22B440D400FD64D1 /* Release */,
			);
			defaultConfigurationIsVisible = 0;
			defaultConfigurationName = Release;
		};
/* End XCConfigurationList section */
	};
	rootObject = B01C45C122B440CE00FD64D1 /* Project object */;
}
